
Microsoft Visual Studio Solution File, Format Version 12.00
# Visual Studio Version 17
VisualStudioVersion = 17.8.34330.188
MinimumVisualStudioVersion = 10.0.40219.1
Project("{FAE04EC0-301F-11D3-BF4B-00C04F79EFBC}") = "MyCoreApp", "MyCoreApp\MyCoreApp.csproj", "{99D1453B-CD01-42CE-938D-2681157E0114}"
EndProject
Global
	GlobalSection(SolutionConfigurationPlatforms) = preSolution
		Debug|Any CPU = Debug|Any CPU
		Release|Any CPU = Release|Any CPU
	EndGlobalSection
	GlobalSection(ProjectConfigurationPlatforms) = postSolution
		{99D1453B-CD01-42CE-938D-2681157E0114}.Debug|Any CPU.ActiveCfg = Debug|Any CPU
		{99D1453B-CD01-42CE-938D-2681157E0114}.Debug|Any CPU.Build.0 = Debug|Any CPU
		{99D1453B-CD01-42CE-938D-2681157E0114}.Release|Any CPU.ActiveCfg = Release|Any CPU
		{99D1453B-CD01-42CE-938D-2681157E0114}.Release|Any CPU.Build.0 = Release|Any CPU
	EndGlobalSection
	GlobalSection(SolutionProperties) = preSolution
		HideSolutionNode = FALSE
	EndGlobalSection
	GlobalSection(ExtensibilityGlobals) = postSolution
		SolutionGuid = {99D18DED-ECEF-4C61-8722-73E9BE7F6F12}
	EndGlobalSection
EndGlobal
